
Microsoft Visual Studio Solution File, Format Version 12.00
# Visual Studio Version 17
VisualStudioVersion = 17.9.34728.123
MinimumVisualStudioVersion = 10.0.40219.1
Project("{FAE04EC0-301F-11D3-BF4B-00C04F79EFBC}") = "BlazorApp4", "BlazorApp4\BlazorApp4.csproj", "{DEA6ABEE-BAD7-4277-8CCB-1BC557BC239D}"
EndProject
Project("{FAE04EC0-301F-11D3-BF4B-00C04F79EFBC}") = "BlazorApp4.Client", "BlazorApp4.Client\BlazorApp4.Client.csproj", "{BE173BEE-6BD7-41D2-9887-EEE5079173A5}"
EndProject
Project("{FAE04EC0-301F-11D3-BF4B-00C04F79EFBC}") = "BlazorApp4.Shared", "BlazorApp4.Shared\BlazorApp4.Shared.csproj", "{7D6127CF-815C-4C97-AC98-C0327E116597}"
EndProject
Global
	GlobalSection(SolutionConfigurationPlatforms) = preSolution
		Debug|Any CPU = Debug|Any CPU
		Release|Any CPU = Release|Any CPU
	EndGlobalSection
	GlobalSection(ProjectConfigurationPlatforms) = postSolution
		{DEA6ABEE-BAD7-4277-8CCB-1BC557BC239D}.Debug|Any CPU.ActiveCfg = Debug|Any CPU
		{DEA6ABEE-BAD7-4277-8CCB-1BC557BC239D}.Debug|Any CPU.Build.0 = Debug|Any CPU
		{DEA6ABEE-BAD7-4277-8CCB-1BC557BC239D}.Release|Any CPU.ActiveCfg = Release|Any CPU
		{DEA6ABEE-BAD7-4277-8CCB-1BC557BC239D}.Release|Any CPU.Build.0 = Release|Any CPU
		{BE173BEE-6BD7-41D2-9887-EEE5079173A5}.Debug|Any CPU.ActiveCfg = Debug|Any CPU
		{BE173BEE-6BD7-41D2-9887-EEE5079173A5}.Debug|Any CPU.Build.0 = Debug|Any CPU
		{BE173BEE-6BD7-41D2-9887-EEE5079173A5}.Release|Any CPU.ActiveCfg = Release|Any CPU
		{BE173BEE-6BD7-41D2-9887-EEE5079173A5}.Release|Any CPU.Build.0 = Release|Any CPU
		{7D6127CF-815C-4C97-AC98-C0327E116597}.Debug|Any CPU.ActiveCfg = Debug|Any CPU
		{7D6127CF-815C-4C97-AC98-C0327E116597}.Debug|Any CPU.Build.0 = Debug|Any CPU
		{7D6127CF-815C-4C97-AC98-C0327E116597}.Release|Any CPU.ActiveCfg = Release|Any CPU
		{7D6127CF-815C-4C97-AC98-C0327E116597}.Release|Any CPU.Build.0 = Release|Any CPU
	EndGlobalSection
	GlobalSection(SolutionProperties) = preSolution
		HideSolutionNode = FALSE
	EndGlobalSection
	GlobalSection(ExtensibilityGlobals) = postSolution
		SolutionGuid = {330252BC-1D3C-468A-8B2F-6835135379CF}
	EndGlobalSection
EndGlobal
